
Microsoft Visual Studio Solution File, Format Version 12.00
# Visual Studio Version 17
VisualStudioVersion = 17.0.32014.148
MinimumVisualStudioVersion = 10.0.40219.1
Project("{FAE04EC0-301F-11D3-BF4B-00C04F79EFBC}") = "Day14AssignmentProject", "Day14AssignmentProject\Day14AssignmentProject.csproj", "{DAF1DD2B-D8C0-4735-8933-4E4590563247}"
EndProject
Global
	GlobalSection(SolutionConfigurationPlatforms) = preSolution
		Debug|Any CPU = Debug|Any CPU
		Release|Any CPU = Release|Any CPU
	EndGlobalSection
	GlobalSection(ProjectConfigurationPlatforms) = postSolution
		{DAF1DD2B-D8C0-4735-8933-4E4590563247}.Debug|Any CPU.ActiveCfg = Debug|Any CPU
		{DAF1DD2B-D8C0-4735-8933-4E4590563247}.Debug|Any CPU.Build.0 = Debug|Any CPU
		{DAF1DD2B-D8C0-4735-8933-4E4590563247}.Release|Any CPU.ActiveCfg = Release|Any CPU
		{DAF1DD2B-D8C0-4735-8933-4E4590563247}.Release|Any CPU.Build.0 = Release|Any CPU
	EndGlobalSection
	GlobalSection(SolutionProperties) = preSolution
		HideSolutionNode = FALSE
	EndGlobalSection
	GlobalSection(ExtensibilityGlobals) = postSolution
		SolutionGuid = {544CC44B-FC30-4149-B9DD-28F30CE99AD6}
	EndGlobalSection
EndGlobal
